PODS:
  - bonsoir_darwin (0.0.1):
    - Flutter
    - FlutterMacOS
  - charset_converter (0.0.1):
    - Flutter
  - Flutter (1.0.0)
  - flutter_isolate (0.0.1):
    - Flutter
  - flutter_volume_controller (0.0.1):
    - Flutter
  - fluttertoast (0.0.2):
    - Flutter
  - install_plugin (2.0.0):
    - Flutter
  - media_kit_libs_ios_audio (1.0.4):
    - Flutter
  - objective_c (0.0.1):
    - Flutter
  - vibration (1.7.5):
    - Flutter
  - webview_cookie_manager (0.0.1):
    - Flutter

DEPENDENCIES:
  - bonsoir_darwin (from `.symlinks/plugins/bonsoir_darwin/darwin`)
  - charset_converter (from `.symlinks/plugins/charset_converter/ios`)
  - Flutter (from `Flutter`)
  - flutter_isolate (from `.symlinks/plugins/flutter_isolate/ios`)
  - flutter_volume_controller (from `.symlinks/plugins/flutter_volume_controller/ios`)
  - fluttertoast (from `.symlinks/plugins/fluttertoast/ios`)
  - install_plugin (from `.symlinks/plugins/install_plugin/ios`)
  - media_kit_libs_ios_audio (from `.symlinks/plugins/media_kit_libs_ios_audio/ios`)
  - objective_c (from `.symlinks/plugins/objective_c/ios`)
  - vibration (from `.symlinks/plugins/vibration/ios`)
  - webview_cookie_manager (from `.symlinks/plugins/webview_cookie_manager/ios`)

EXTERNAL SOURCES:
  bonsoir_darwin:
    :path: ".symlinks/plugins/bonsoir_darwin/darwin"
  charset_converter:
    :path: ".symlinks/plugins/charset_converter/ios"
  Flutter:
    :path: Flutter
  flutter_isolate:
    :path: ".symlinks/plugins/flutter_isolate/ios"
  flutter_volume_controller:
    :path: ".symlinks/plugins/flutter_volume_controller/ios"
  fluttertoast:
    :path: ".symlinks/plugins/fluttertoast/ios"
  install_plugin:
    :path: ".symlinks/plugins/install_plugin/ios"
  media_kit_libs_ios_audio:
    :path: ".symlinks/plugins/media_kit_libs_ios_audio/ios"
  objective_c:
    :path: ".symlinks/plugins/objective_c/ios"
  vibration:
    :path: ".symlinks/plugins/vibration/ios"
  webview_cookie_manager:
    :path: ".symlinks/plugins/webview_cookie_manager/ios"

SPEC CHECKSUMS:
  bonsoir_darwin: 29c7ccf356646118844721f36e1de4b61f6cbd0e
  charset_converter: 82bc1d2e3c70dcb51bf769e9772e3ae5b2571695
  Flutter: cabc95a1d2626b1b06e7179b784ebcf0c0cde467
  flutter_isolate: ca1a284bbb8dcfeb26c4764794e0206f58ffa984
  flutter_volume_controller: c2be490cb0487e8b88d0d9fc2b7e1c139a4ebccb
  fluttertoast: 2c67e14dce98bbdb200df9e1acf610d7a6264ea1
  install_plugin: e17e38d6f504857748a3ec1299d8a2bbeeeea854
  media_kit_libs_ios_audio: 905e6323b72e65c63ab9262b2e473f52c024a3a8
  objective_c: 89e720c30d716b036faf9c9684022048eee1eee2
  vibration: 8e2f50fc35bb736f9eecb7dd9f7047fbb6a6e888
  webview_cookie_manager: d63a76cabdf42a7ea3d92768ac67d4853a1367f8

PODFILE CHECKSUM: 375eb443af2d6a6ce29eae4426340af65bb11904

COCOAPODS: 1.16.2
